
Microsoft Visual Studio Solution File, Format Version 12.00
# Visual Studio Version 16
VisualStudioVersion = 25.0.1706.0
MinimumVisualStudioVersion = 10.0.40219.1
Project("{FAE04EC0-301F-11D3-BF4B-00C04F79EFBC}") = "Northwind", "Northwind\Northwind.csproj", "{59D676B1-0A51-4D67-BC47-EE25D36C42A7}"
EndProject
Project("{FAE04EC0-301F-11D3-BF4B-00C04F79EFBC}") = "ntest", "ntest\ntest.csproj", "{621705E4-9F7C-4B15-A6E5-FCC0251E006D}"
EndProject
Global
	GlobalSection(SolutionConfigurationPlatforms) = preSolution
		Debug|Any CPU = Debug|Any CPU
		Release|Any CPU = Release|Any CPU
	EndGlobalSection
	GlobalSection(ProjectConfigurationPlatforms) = postSolution
		{59D676B1-0A51-4D67-BC47-EE25D36C42A7}.Debug|Any CPU.ActiveCfg = Debug|Any CPU
		{59D676B1-0A51-4D67-BC47-EE25D36C42A7}.Debug|Any CPU.Build.0 = Debug|Any CPU
		{59D676B1-0A51-4D67-BC47-EE25D36C42A7}.Release|Any CPU.ActiveCfg = Release|Any CPU
		{59D676B1-0A51-4D67-BC47-EE25D36C42A7}.Release|Any CPU.Build.0 = Release|Any CPU
		{621705E4-9F7C-4B15-A6E5-FCC0251E006D}.Debug|Any CPU.ActiveCfg = Debug|Any CPU
		{621705E4-9F7C-4B15-A6E5-FCC0251E006D}.Debug|Any CPU.Build.0 = Debug|Any CPU
		{621705E4-9F7C-4B15-A6E5-FCC0251E006D}.Release|Any CPU.ActiveCfg = Release|Any CPU
		{621705E4-9F7C-4B15-A6E5-FCC0251E006D}.Release|Any CPU.Build.0 = Release|Any CPU
	EndGlobalSection
	GlobalSection(SolutionProperties) = preSolution
		HideSolutionNode = FALSE
	EndGlobalSection
	GlobalSection(ExtensibilityGlobals) = postSolution
		SolutionGuid = {02FC0AB4-2FE3-4E24-A106-C63DE7F47D72}
	EndGlobalSection
EndGlobal
